
Microsoft Visual Studio Solution File, Format Version 12.00
# Visual Studio 15
VisualStudioVersion = 15.0.28307.902
MinimumVisualStudioVersion = 10.0.40219.1
Project("{8BC9CEB8-8B4A-11D0-8D11-00A0C91BC942}") = "反转字符串", "反转字符串\反转字符串.vcxproj", "{97066109-A222-445A-949F-E2C63D0D316D}"
EndProject
Global
	GlobalSection(SolutionConfigurationPlatforms) = preSolution
		Debug|x64 = Debug|x64
		Debug|x86 = Debug|x86
		Release|x64 = Release|x64
		Release|x86 = Release|x86
	EndGlobalSection
	GlobalSection(ProjectConfigurationPlatforms) = postSolution
		{97066109-A222-445A-949F-E2C63D0D316D}.Debug|x64.ActiveCfg = Debug|x64
		{97066109-A222-445A-949F-E2C63D0D316D}.Debug|x64.Build.0 = Debug|x64
		{97066109-A222-445A-949F-E2C63D0D316D}.Debug|x86.ActiveCfg = Debug|Win32
		{97066109-A222-445A-949F-E2C63D0D316D}.Debug|x86.Build.0 = Debug|Win32
		{97066109-A222-445A-949F-E2C63D0D316D}.Release|x64.ActiveCfg = Release|x64
		{97066109-A222-445A-949F-E2C63D0D316D}.Release|x64.Build.0 = Release|x64
		{97066109-A222-445A-949F-E2C63D0D316D}.Release|x86.ActiveCfg = Release|Win32
		{97066109-A222-445A-949F-E2C63D0D316D}.Release|x86.Build.0 = Release|Win32
	EndGlobalSection
	GlobalSection(SolutionProperties) = preSolution
		HideSolutionNode = FALSE
	EndGlobalSection
	GlobalSection(ExtensibilityGlobals) = postSolution
		SolutionGuid = {DAC1257D-6FB6-4022-BEA0-48113AF01109}
	EndGlobalSection
EndGlobal
