
Microsoft Visual Studio Solution File, Format Version 12.00
# Visual Studio Version 16
VisualStudioVersion = 16.0.29806.167
MinimumVisualStudioVersion = 10.0.40219.1
Project("{8BC9CEB8-8B4A-11D0-8D11-00A0C91BC942}") = "26. 删除排序数组中的重复项", "26. 删除排序数组中的重复项.vcxproj", "{1ABBB864-30B1-4C7B-BFC5-32235127C0CE}"
EndProject
Global
	GlobalSection(SolutionConfigurationPlatforms) = preSolution
		Debug|x64 = Debug|x64
		Debug|x86 = Debug|x86
		Release|x64 = Release|x64
		Release|x86 = Release|x86
	EndGlobalSection
	GlobalSection(ProjectConfigurationPlatforms) = postSolution
		{1ABBB864-30B1-4C7B-BFC5-32235127C0CE}.Debug|x64.ActiveCfg = Debug|x64
		{1ABBB864-30B1-4C7B-BFC5-32235127C0CE}.Debug|x64.Build.0 = Debug|x64
		{1ABBB864-30B1-4C7B-BFC5-32235127C0CE}.Debug|x86.ActiveCfg = Debug|Win32
		{1ABBB864-30B1-4C7B-BFC5-32235127C0CE}.Debug|x86.Build.0 = Debug|Win32
		{1ABBB864-30B1-4C7B-BFC5-32235127C0CE}.Release|x64.ActiveCfg = Release|x64
		{1ABBB864-30B1-4C7B-BFC5-32235127C0CE}.Release|x64.Build.0 = Release|x64
		{1ABBB864-30B1-4C7B-BFC5-32235127C0CE}.Release|x86.ActiveCfg = Release|Win32
		{1ABBB864-30B1-4C7B-BFC5-32235127C0CE}.Release|x86.Build.0 = Release|Win32
	EndGlobalSection
	GlobalSection(SolutionProperties) = preSolution
		HideSolutionNode = FALSE
	EndGlobalSection
	GlobalSection(ExtensibilityGlobals) = postSolution
		SolutionGuid = {8553C178-CD97-4565-B851-5D267C6F3CDD}
	EndGlobalSection
EndGlobal
