
Microsoft Visual Studio Solution File, Format Version 12.00
# Visual Studio Version 16
VisualStudioVersion = 16.0.29806.167
MinimumVisualStudioVersion = 10.0.40219.1
Project("{8BC9CEB8-8B4A-11D0-8D11-00A0C91BC942}") = "05.替换空格", "05.替换空格.vcxproj", "{61FB17B7-22E4-408A-A68B-8E5BA7D98D16}"
EndProject
Global
	GlobalSection(SolutionConfigurationPlatforms) = preSolution
		Debug|x64 = Debug|x64
		Debug|x86 = Debug|x86
		Release|x64 = Release|x64
		Release|x86 = Release|x86
	EndGlobalSection
	GlobalSection(ProjectConfigurationPlatforms) = postSolution
		{61FB17B7-22E4-408A-A68B-8E5BA7D98D16}.Debug|x64.ActiveCfg = Debug|x64
		{61FB17B7-22E4-408A-A68B-8E5BA7D98D16}.Debug|x64.Build.0 = Debug|x64
		{61FB17B7-22E4-408A-A68B-8E5BA7D98D16}.Debug|x86.ActiveCfg = Debug|Win32
		{61FB17B7-22E4-408A-A68B-8E5BA7D98D16}.Debug|x86.Build.0 = Debug|Win32
		{61FB17B7-22E4-408A-A68B-8E5BA7D98D16}.Release|x64.ActiveCfg = Release|x64
		{61FB17B7-22E4-408A-A68B-8E5BA7D98D16}.Release|x64.Build.0 = Release|x64
		{61FB17B7-22E4-408A-A68B-8E5BA7D98D16}.Release|x86.ActiveCfg = Release|Win32
		{61FB17B7-22E4-408A-A68B-8E5BA7D98D16}.Release|x86.Build.0 = Release|Win32
	EndGlobalSection
	GlobalSection(SolutionProperties) = preSolution
		HideSolutionNode = FALSE
	EndGlobalSection
	GlobalSection(ExtensibilityGlobals) = postSolution
		SolutionGuid = {4E3BB016-8804-4549-AE8D-07002B5CCC5D}
	EndGlobalSection
EndGlobal
