
Microsoft Visual Studio Solution File, Format Version 12.00
# Visual Studio Version 16
VisualStudioVersion = 16.0.29609.76
MinimumVisualStudioVersion = 10.0.40219.1
Project("{8BC9CEB8-8B4A-11D0-8D11-00A0C91BC942}") = "返回链表的中间结点", "返回链表的中间结点.vcxproj", "{27089362-023C-4075-A88C-2AA9D3F04050}"
EndProject
Global
	GlobalSection(SolutionConfigurationPlatforms) = preSolution
		Debug|x64 = Debug|x64
		Debug|x86 = Debug|x86
		Release|x64 = Release|x64
		Release|x86 = Release|x86
	EndGlobalSection
	GlobalSection(ProjectConfigurationPlatforms) = postSolution
		{27089362-023C-4075-A88C-2AA9D3F04050}.Debug|x64.ActiveCfg = Debug|x64
		{27089362-023C-4075-A88C-2AA9D3F04050}.Debug|x64.Build.0 = Debug|x64
		{27089362-023C-4075-A88C-2AA9D3F04050}.Debug|x86.ActiveCfg = Debug|Win32
		{27089362-023C-4075-A88C-2AA9D3F04050}.Debug|x86.Build.0 = Debug|Win32
		{27089362-023C-4075-A88C-2AA9D3F04050}.Release|x64.ActiveCfg = Release|x64
		{27089362-023C-4075-A88C-2AA9D3F04050}.Release|x64.Build.0 = Release|x64
		{27089362-023C-4075-A88C-2AA9D3F04050}.Release|x86.ActiveCfg = Release|Win32
		{27089362-023C-4075-A88C-2AA9D3F04050}.Release|x86.Build.0 = Release|Win32
	EndGlobalSection
	GlobalSection(SolutionProperties) = preSolution
		HideSolutionNode = FALSE
	EndGlobalSection
	GlobalSection(ExtensibilityGlobals) = postSolution
		SolutionGuid = {BDD56ABA-4BBF-4B7E-999A-3FC31C99F9C5}
	EndGlobalSection
EndGlobal
